// !$*UTF8*$!
{
	archiveVersion = 1;
	classes = {
	};
	objectVersion = 48;
	objects = {

/* Begin PBXBuildFile section */
		75D7D0A41FD7F53600F53B2A /* AppDelegate.m in Sources */ = {isa = PBXBuildFile; fileRef = 75D7D0A31FD7F53600F53B2A /* AppDelegate.m */; };
		75D7D0A71FD7F53600F53B2A /* ViewController.m in Sources */ = {isa = PBXBuildFile; fileRef = 75D7D0A61FD7F53600F53B2A /* ViewController.m */; };
		75D7D0AA1FD7F53600F53B2A /* Main.storyboard in Resources */ = {isa = PBXBuildFile; fileRef = 75D7D0A81FD7F53600F53B2A /* Main.storyboard */; };
		75D7D0AD1FD7F53600F53B2A /* TynnSelector.xcdatamodeld in Sources */ = {isa = PBXBuildFile; fileRef = 75D7D0AB1FD7F53600F53B2A /* TynnSelector.xcdatamodeld */; };
		75D7D0AF1FD7F53600F53B2A /* Assets.xcassets in Resources */ = {isa = PBXBuildFile; fileRef = 75D7D0AE1FD7F53600F53B2A /* Assets.xcassets */; };
		75D7D0B21FD7F53600F53B2A /* LaunchScreen.storyboard in Resources */ = {isa = PBXBuildFile; fileRef = 75D7D0B01FD7F53600F53B2A /* LaunchScreen.storyboard */; };
		75D7D0B51FD7F53600F53B2A /* main.m in Sources */ = {isa = PBXBuildFile; fileRef = 75D7D0B41FD7F53600F53B2A /* main.m */; };
		75D7D0C21FD7F5B200F53B2A /* AlterController.m in Sources */ = {isa = PBXBuildFile; fileRef = 75D7D0C01FD7F5A900F53B2A /* AlterController.m */; };
		75D7D0C31FD7F5B500F53B2A /* province.json in Resources */ = {isa = PBXBuildFile; fileRef = 75D7D0C11FD7F5A900F53B2A /* province.json */; };
		75D7D0C61FD7F63B00F53B2A /* UIView+Frame.m in Sources */ = {isa = PBXBuildFile; fileRef = 75D7D0C51FD7F63B00F53B2A /* UIView+Frame.m */; };
/* End PBXBuildFile section */

/* Begin PBXFileReference section */
		75D7D09F1FD7F53600F53B2A /* TynnSelector.app */ = {isa = PBXFileReference; explicitFileType = wrapper.application; includeInIndex = 0; path = TynnSelector.app; sourceTree = BUILT_PRODUCTS_DIR; };
		75D7D0A21FD7F53600F53B2A /* AppDelegate.h */ = {isa = PBXFileReference; lastKnownFileType = sourcecode.c.h; path = AppDelegate.h; sourceTree = "<group>"; };
		75D7D0A31FD7F53600F53B2A /* AppDelegate.m */ = {isa = PBXFileReference; lastKnownFileType = sourcecode.c.objc; path = AppDelegate.m; sourceTree = "<group>"; };
		75D7D0A51FD7F53600F53B2A /* ViewController.h */ = {isa = PBXFileReference; lastKnownFileType = sourcecode.c.h; path = ViewController.h; sourceTree = "<group>"; };
		75D7D0A61FD7F53600F53B2A /* ViewController.m */ = {isa = PBXFileReference; lastKnownFileType = sourcecode.c.objc; path = ViewController.m; sourceTree = "<group>"; };
		75D7D0A91FD7F53600F53B2A /* Base */ = {isa = PBXFileReference; lastKnownFileType = file.storyboard; name = Base; path = Base.lproj/Main.storyboard; sourceTree = "<group>"; };
		75D7D0AC1FD7F53600F53B2A /* TynnSelector.xcdatamodel */ = {isa = PBXFileReference; lastKnownFileType = wrapper.xcdatamodel; path = TynnSelector.xcdatamodel; sourceTree = "<group>"; };
		75D7D0AE1FD7F53600F53B2A /* Assets.xcassets */ = {isa = PBXFileReference; lastKnownFileType = folder.assetcatalog; path = Assets.xcassets; sourceTree = "<group>"; };
		75D7D0B11FD7F53600F53B2A /* Base */ = {isa = PBXFileReference; lastKnownFileType = file.storyboard; name = Base; path = Base.lproj/LaunchScreen.storyboard; sourceTree = "<group>"; };
		75D7D0B31FD7F53600F53B2A /* Info.plist */ = {isa = PBXFileReference; lastKnownFileType = text.plist.xml; path = Info.plist; sourceTree = "<group>"; };
		75D7D0B41FD7F53600F53B2A /* main.m */ = {isa = PBXFileReference; lastKnownFileType = sourcecode.c.objc; path = main.m; sourceTree = "<group>"; };
		75D7D0BF1FD7F5A900F53B2A /* AlterController.h */ = {isa = PBXFileReference; lastKnownFileType = sourcecode.c.h; path = AlterController.h; sourceTree = "<group>"; };
		75D7D0C01FD7F5A900F53B2A /* AlterController.m */ = {isa = PBXFileReference; lastKnownFileType = sourcecode.c.objc; path = AlterController.m; sourceTree = "<group>"; };
		75D7D0C11FD7F5A900F53B2A /* province.json */ = {isa = PBXFileReference; lastKnownFileType = text.json; path = province.json; sourceTree = "<group>"; };
		75D7D0C41FD7F63B00F53B2A /* UIView+Frame.h */ = {isa = PBXFileReference; lastKnownFileType = sourcecode.c.h; path = "UIView+Frame.h"; sourceTree = "<group>"; };
		75D7D0C51FD7F63B00F53B2A /* UIView+Frame.m */ = {isa = PBXFileReference; lastKnownFileType = sourcecode.c.objc; path = "UIView+Frame.m"; sourceTree = "<group>"; };
/* End PBXFileReference section */

/* Begin PBXFrameworksBuildPhase section */
		75D7D09C1FD7F53600F53B2A /* Frameworks */ = {
			isa = PBXFrameworksBuildPhase;
			buildActionMask = 2147483647;
			files = (
			);
			runOnlyForDeploymentPostprocessing = 0;
		};
/* End PBXFrameworksBuildPhase section */

/* Begin PBXGroup section */
		75D7D0961FD7F53600F53B2A = {
			isa = PBXGroup;
			children = (
				75D7D0A11FD7F53600F53B2A /* TynnSelector */,
				75D7D0A01FD7F53600F53B2A /* Products */,
			);
			sourceTree = "<group>";
		};
		75D7D0A01FD7F53600F53B2A /* Products */ = {
			isa = PBXGroup;
			children = (
				75D7D09F1FD7F53600F53B2A /* TynnSelector.app */,
			);
			name = Products;
			sourceTree = "<group>";
		};
		75D7D0A11FD7F53600F53B2A /* TynnSelector */ = {
			isa = PBXGroup;
			children = (
				75D7D0BE1FD7F5A900F53B2A /* TynnSelectorSDK */,
				75D7D0A21FD7F53600F53B2A /* AppDelegate.h */,
				75D7D0A31FD7F53600F53B2A /* AppDelegate.m */,
				75D7D0A51FD7F53600F53B2A /* ViewController.h */,
				75D7D0A61FD7F53600F53B2A /* ViewController.m */,
				75D7D0A81FD7F53600F53B2A /* Main.storyboard */,
				75D7D0AE1FD7F53600F53B2A /* Assets.xcassets */,
				75D7D0B01FD7F53600F53B2A /* LaunchScreen.storyboard */,
				75D7D0B31FD7F53600F53B2A /* Info.plist */,
				75D7D0B41FD7F53600F53B2A /* main.m */,
				75D7D0AB1FD7F53600F53B2A /* TynnSelector.xcdatamodeld */,
			);
			path = TynnSelector;
			sourceTree = "<group>";
		};
		75D7D0BE1FD7F5A900F53B2A /* TynnSelectorSDK */ = {
			isa = PBXGroup;
			children = (
				75D7D0BF1FD7F5A900F53B2A /* AlterController.h */,
				75D7D0C01FD7F5A900F53B2A /* AlterController.m */,
				75D7D0C41FD7F63B00F53B2A /* UIView+Frame.h */,
				75D7D0C51FD7F63B00F53B2A /* UIView+Frame.m */,
				75D7D0C11FD7F5A900F53B2A /* province.json */,
			);
			path = TynnSelectorSDK;
			sourceTree = "<group>";
		};
/* End PBXGroup section */

/* Begin PBXNativeTarget section */
		75D7D09E1FD7F53600F53B2A /* TynnSelector */ = {
			isa = PBXNativeTarget;
			buildConfigurationList = 75D7D0B81FD7F53600F53B2A /* Build configuration list for PBXNativeTarget "TynnSelector" */;
			buildPhases = (
				75D7D09B1FD7F53600F53B2A /* Sources */,
				75D7D09C1FD7F53600F53B2A /* Frameworks */,
				75D7D09D1FD7F53600F53B2A /* Resources */,
			);
			buildRules = (
			);
			dependencies = (
			);
			name = TynnSelector;
			productName = TynnSelector;
			productReference = 75D7D09F1FD7F53600F53B2A /* TynnSelector.app */;
			productType = "com.apple.product-type.application";
		};
/* End PBXNativeTarget section */

/* Begin PBXProject section */
		75D7D0971FD7F53600F53B2A /* Project object */ = {
			isa = PBXProject;
			attributes = {
				LastUpgradeCheck = 0900;
				ORGANIZATIONNAME = huiranwangluo;
				TargetAttributes = {
					75D7D09E1FD7F53600F53B2A = {
						CreatedOnToolsVersion = 9.0;
						ProvisioningStyle = Automatic;
					};
				};
			};
			buildConfigurationList = 75D7D09A1FD7F53600F53B2A /* Build configuration list for PBXProject "TynnSelector" */;
			compatibilityVersion = "Xcode 8.0";
			developmentRegion = en;
			hasScannedForEncodings = 0;
			knownRegions = (
				en,
				Base,
			);
			mainGroup = 75D7D0961FD7F53600F53B2A;
			productRefGroup = 75D7D0A01FD7F53600F53B2A /* Products */;
			projectDirPath = "";
			projectRoot = "";
			targets = (
				75D7D09E1FD7F53600F53B2A /* TynnSelector */,
			);
		};
/* End PBXProject section */

/* Begin PBXResourcesBuildPhase section */
		75D7D09D1FD7F53600F53B2A /* Resources */ = {
			isa = PBXResourcesBuildPhase;
			buildActionMask = 2147483647;
			files = (
				75D7D0B21FD7F53600F53B2A /* LaunchScreen.storyboard in Resources */,
				75D7D0AF1FD7F53600F53B2A /* Assets.xcassets in Resources */,
				75D7D0AA1FD7F53600F53B2A /* Main.storyboard in Resources */,
				75D7D0C31FD7F5B500F53B2A /* province.json in Resources */,
			);
			runOnlyForDeploymentPostprocessing = 0;
		};
/* End PBXResourcesBuildPhase section */

/* Begin PBXSourcesBuildPhase section */
		75D7D09B1FD7F53600F53B2A /* Sources */ = {
			isa = PBXSourcesBuildPhase;
			buildActionMask = 2147483647;
			files = (
				75D7D0C61FD7F63B00F53B2A /* UIView+Frame.m in Sources */,
				75D7D0A71FD7F53600F53B2A /* ViewController.m in Sources */,
				75D7D0A41FD7F53600F53B2A /* AppDelegate.m in Sources */,
				75D7D0C21FD7F5B200F53B2A /* AlterController.m in Sources */,
				75D7D0B51FD7F53600F53B2A /* main.m in Sources */,
				75D7D0AD1FD7F53600F53B2A /* TynnSelector.xcdatamodeld in Sources */,
			);
			runOnlyForDeploymentPostprocessing = 0;
		};
/* End PBXSourcesBuildPhase section */

/* Begin PBXVariantGroup section */
		75D7D0A81FD7F53600F53B2A /* Main.storyboard */ = {
			isa = PBXVariantGroup;
			children = (
				75D7D0A91FD7F53600F53B2A /* Base */,
			);
			name = Main.storyboard;
			sourceTree = "<group>";
		};
		75D7D0B01FD7F53600F53B2A /* LaunchScreen.storyboard */ = {
			isa = PBXVariantGroup;
			children = (
				75D7D0B11FD7F53600F53B2A /* Base */,
			);
			name = LaunchScreen.storyboard;
			sourceTree = "<group>";
		};
/* End PBXVariantGroup section */

/* Begin XCBuildConfiguration section */
		75D7D0B61FD7F53600F53B2A /* Debug */ = {
			isa = XCBuildConfiguration;
			buildSettings = {
				ALWAYS_SEARCH_USER_PATHS = NO;
				CLANG_ANALYZER_NONNULL = YES;
				CLANG_ANALYZER_NUMBER_OBJECT_CONVERSION = YES_AGGRESSIVE;
				CLANG_CXX_LANGUAGE_STANDARD = "gnu++14";
				CLANG_CXX_LIBRARY = "libc++";
				CLANG_ENABLE_MODULES = YES;
				CLANG_ENABLE_OBJC_ARC = YES;
				CLANG_WARN_BLOCK_CAPTURE_AUTORELEASING = YES;
				CLANG_WARN_BOOL_CONVERSION = YES;
				CLANG_WARN_COMMA = YES;
				CLANG_WARN_CONSTANT_CONVERSION = YES;
				CLANG_WARN_DIRECT_OBJC_ISA_USAGE = YES_ERROR;
				CLANG_WARN_DOCUMENTATION_COMMENTS = YES;
				CLANG_WARN_EMPTY_BODY = YES;
				CLANG_WARN_ENUM_CONVERSION = YES;
				CLANG_WARN_INFINITE_RECURSION = YES;
				CLANG_WARN_INT_CONVERSION = YES;
				CLANG_WARN_NON_LITERAL_NULL_CONVERSION = YES;
				CLANG_WARN_OBJC_LITERAL_CONVERSION = YES;
				CLANG_WARN_OBJC_ROOT_CLASS = YES_ERROR;
				CLANG_WARN_RANGE_LOOP_ANALYSIS = YES;
				CLANG_WARN_STRICT_PROTOTYPES = YES;
				CLANG_WARN_SUSPICIOUS_MOVE = YES;
				CLANG_WARN_UNGUARDED_AVAILABILITY = YES_AGGRESSIVE;
				CLANG_WARN_UNREACHABLE_CODE = YES;
				CLANG_WARN__DUPLICATE_METHOD_MATCH = YES;
				CODE_SIGN_IDENTITY = "iPhone Developer";
				COPY_PHASE_STRIP = NO;
				DEBUG_INFORMATION_FORMAT = dwarf;
				ENABLE_STRICT_OBJC_MSGSEND = YES;
				ENABLE_TESTABILITY = YES;
				GCC_C_LANGUAGE_STANDARD = gnu11;
				GCC_DYNAMIC_NO_PIC = NO;
				GCC_NO_COMMON_BLOCKS = YES;
				GCC_OPTIMIZATION_LEVEL = 0;
				GCC_PREPROCESSOR_DEFINITIONS = (
					"DEBUG=1",
					"$(inherited)",
				);
				GCC_WARN_64_TO_32_BIT_CONVERSION = YES;
				GCC_WARN_ABOUT_RETURN_TYPE = YES_ERROR;
				GCC_WARN_UNDECLARED_SELECTOR = YES;
				GCC_WARN_UNINITIALIZED_AUTOS = YES_AGGRESSIVE;
				GCC_WARN_UNUSED_FUNCTION = YES;
				GCC_WARN_UNUSED_VARIABLE = YES;
				IPHONEOS_DEPLOYMENT_TARGET = 11.0;
				MTL_ENABLE_DEBUG_INFO = YES;
				ONLY_ACTIVE_ARCH = YES;
				SDKROOT = iphoneos;
			};
			name = Debug;
		};
		75D7D0B71FD7F53600F53B2A /* Release */ = {
			isa = XCBuildConfiguration;
			buildSettings = {
				ALWAYS_SEARCH_USER_PATHS = NO;
				CLANG_ANALYZER_NONNULL = YES;
				CLANG_ANALYZER_NUMBER_OBJECT_CONVERSION = YES_AGGRESSIVE;
				CLANG_CXX_LANGUAGE_STANDARD = "gnu++14";
				CLANG_CXX_LIBRARY = "libc++";
				CLANG_ENABLE_MODULES = YES;
				CLANG_ENABLE_OBJC_ARC = YES;
				CLANG_WARN_BLOCK_CAPTURE_AUTORELEASING = YES;
				CLANG_WARN_BOOL_CONVERSION = YES;
				CLANG_WARN_COMMA = YES;
				CLANG_WARN_CONSTANT_CONVERSION = YES;
				CLANG_WARN_DIRECT_OBJC_ISA_USAGE = YES_ERROR;
				CLANG_WARN_DOCUMENTATION_COMMENTS = YES;
				CLANG_WARN_EMPTY_BODY = YES;
				CLANG_WARN_ENUM_CONVERSION = YES;
				CLANG_WARN_INFINITE_RECURSION = YES;
				CLANG_WARN_INT_CONVERSION = YES;
				CLANG_WARN_NON_LITERAL_NULL_CONVERSION = YES;
				CLANG_WARN_OBJC_LITERAL_CONVERSION = YES;
				CLANG_WARN_OBJC_ROOT_CLASS = YES_ERROR;
				CLANG_WARN_RANGE_LOOP_ANALYSIS = YES;
				CLANG_WARN_STRICT_PROTOTYPES = YES;
				CLANG_WARN_SUSPICIOUS_MOVE = YES;
				CLANG_WARN_UNGUARDED_AVAILABILITY = YES_AGGRESSIVE;
				CLANG_WARN_UNREACHABLE_CODE = YES;
				CLANG_WARN__DUPLICATE_METHOD_MATCH = YES;
				CODE_SIGN_IDENTITY = "iPhone Developer";
				COPY_PHASE_STRIP = NO;
				DEBUG_INFORMATION_FORMAT = "dwarf-with-dsym";
				ENABLE_NS_ASSERTIONS = NO;
				ENABLE_STRICT_OBJC_MSGSEND = YES;
				GCC_C_LANGUAGE_STANDARD = gnu11;
				GCC_NO_COMMON_BLOCKS = YES;
				GCC_WARN_64_TO_32_BIT_CONVERSION = YES;
				GCC_WARN_ABOUT_RETURN_TYPE = YES_ERROR;
				GCC_WARN_UNDECLARED_SELECTOR = YES;
				GCC_WARN_UNINITIALIZED_AUTOS = YES_AGGRESSIVE;
				GCC_WARN_UNUSED_FUNCTION = YES;
				GCC_WARN_UNUSED_VARIABLE = YES;
				IPHONEOS_DEPLOYMENT_TARGET = 11.0;
				MTL_ENABLE_DEBUG_INFO = NO;
				SDKROOT = iphoneos;
				VALIDATE_PRODUCT = YES;
			};
			name = Release;
		};
		75D7D0B91FD7F53600F53B2A /* Debug */ = {
			isa = XCBuildConfiguration;
			buildSettings = {
				ASSETCATALOG_COMPILER_APPICON_NAME = AppIcon;
				CLANG_WARN_DOCUMENTATION_COMMENTS = NO;
				CODE_SIGN_STYLE = Automatic;
				INFOPLIST_FILE = TynnSelector/Info.plist;
				LD_RUNPATH_SEARCH_PATHS = "$(inherited) @executable_path/Frameworks";
				PRODUCT_BUNDLE_IDENTIFIER = com.huiranwangluo.TynnSelector;
				PRODUCT_NAME = "$(TARGET_NAME)";
				TARGETED_DEVICE_FAMILY = "1,2";
			};
			name = Debug;
		};
		75D7D0BA1FD7F53600F53B2A /* Release */ = {
			isa = XCBuildConfiguration;
			buildSettings = {
				ASSETCATALOG_COMPILER_APPICON_NAME = AppIcon;
				CLANG_WARN_DOCUMENTATION_COMMENTS = NO;
				CODE_SIGN_STYLE = Automatic;
				INFOPLIST_FILE = TynnSelector/Info.plist;
				LD_RUNPATH_SEARCH_PATHS = "$(inherited) @executable_path/Frameworks";
				PRODUCT_BUNDLE_IDENTIFIER = com.huiranwangluo.TynnSelector;
				PRODUCT_NAME = "$(TARGET_NAME)";
				TARGETED_DEVICE_FAMILY = "1,2";
			};
			name = Release;
		};
/* End XCBuildConfiguration section */

/* Begin XCConfigurationList section */
		75D7D09A1FD7F53600F53B2A /* Build configuration list for PBXProject "TynnSelector" */ = {
			isa = XCConfigurationList;
			buildConfigurations = (
				75D7D0B61FD7F53600F53B2A /* Debug */,
				75D7D0B71FD7F53600F53B2A /* Release */,
			);
			defaultConfigurationIsVisible = 0;
			defaultConfigurationName = Release;
		};
		75D7D0B81FD7F53600F53B2A /* Build configuration list for PBXNativeTarget "TynnSelector" */ = {
			isa = XCConfigurationList;
			buildConfigurations = (
				75D7D0B91FD7F53600F53B2A /* Debug */,
				75D7D0BA1FD7F53600F53B2A /* Release */,
			);
			defaultConfigurationIsVisible = 0;
			defaultConfigurationName = Release;
		};
/* End XCConfigurationList section */

/* Begin XCVersionGroup section */
		75D7D0AB1FD7F53600F53B2A /* TynnSelector.xcdatamodeld */ = {
			isa = XCVersionGroup;
			children = (
				75D7D0AC1FD7F53600F53B2A /* TynnSelector.xcdatamodel */,
			);
			currentVersion = 75D7D0AC1FD7F53600F53B2A /* TynnSelector.xcdatamodel */;
			path = TynnSelector.xcdatamodeld;
			sourceTree = "<group>";
			versionGroupType = wrapper.xcdatamodel;
		};
/* End XCVersionGroup section */
	};
	rootObject = 75D7D0971FD7F53600F53B2A /* Project object */;
}
